{
  "name": "iterable-extra",
  "version": "0.2.5",
  "lockfileVersion": 1,
  "requires": true,
  "dependencies": {
    "array-copyto": {
      "version": "0.1.6",
      "resolved": "https://registry.npmjs.org/array-copyto/-/array-copyto-0.1.6.tgz",
      "integrity": "sha512-k043KLAaBvh1dcU+qhvFUYimtFuHcwHq01nOr6IzLVbakysgoSpyejlcU1uGJab+Fcz91QR3CeibjHLQWdhevg==",
      "dev": true
    },
    "array-reverseof": {
      "version": "0.1.2",
      "resolved": "https://registry.npmjs.org/array-reverseof/-/array-reverseof-0.1.2.tgz",
      "integrity": "sha512-Of2LNODwtOItPsgMD0z7Cq5hcouzAlx4lAmlX29MrnMotnuDuNP+UmbN0o7+dInY+38dh2HJzXWDZt+Uriy6vg==",
      "dev": true
    },
    "array-sliceto": {
      "version": "0.1.6",
      "resolved": "https://registry.npmjs.org/array-sliceto/-/array-sliceto-0.1.6.tgz",
      "integrity": "sha512-H+zww6vM2uD1k64roul39ZRKADK5BfLzhd/kIhIq+5YG+K0wOuAFsN9Q9y1B1VgGQRIipHI/QQ3VLdYWnIXR/g==",
      "dev": true,
      "requires": {
        "array-copyto": "0.1.6"
      }
    },
    "iterable-all": {
      "version": "0.1.5",
      "resolved": "https://registry.npmjs.org/iterable-all/-/iterable-all-0.1.5.tgz",
      "integrity": "sha512-tZWwbGUoYX2E1bhM8Gm4lpfS2MwKEOPd4QMCmybTwFjCgrcO4rNEa1uIGjdJFMTZU7P6Pd9zhw9En02/0ITsnQ==",
      "dev": true
    },
    "iterable-any": {
      "version": "0.1.6",
      "resolved": "https://registry.npmjs.org/iterable-any/-/iterable-any-0.1.6.tgz",
      "integrity": "sha512-FJUdQVLuVYJZIoJwd7kP434T8X3vjgbYkm8krkyxtSEfm+pvf58dn6lUpvul1ZsWJ4FU3rHjcb2siy99swmJ3A==",
      "dev": true
    },
    "iterable-average": {
      "version": "0.1.6",
      "resolved": "https://registry.npmjs.org/iterable-average/-/iterable-average-0.1.6.tgz",
      "integrity": "sha512-0sgLdvPvMcdPkuTKZtHiLJkKMh4nKkDvKhvgtCqbUzd4jAF5vy6yW2k9sYeFEhdMwwtOtkvsY32ULUabLEgPwg==",
      "dev": true
    },
    "iterable-compact": {
      "version": "0.1.6",
      "resolved": "https://registry.npmjs.org/iterable-compact/-/iterable-compact-0.1.6.tgz",
      "integrity": "sha512-OXVvUoyP4rtsZbB5gN1L3DHGILTAn2Z/W639e3X9hesJr/gU+rsJJIAYtX8Yx7x4oYbUPn8E0L2wjv2IftRpzA==",
      "dev": true
    },
    "iterable-concat": {
      "version": "0.1.6",
      "resolved": "https://registry.npmjs.org/iterable-concat/-/iterable-concat-0.1.6.tgz",
      "integrity": "sha512-ZceUU1RjUB6P3QaQQyqcYksx4Bf3fNUwTAdiaDMye0alqSuk4s1c/0rsfv+XjD2HoCWLEeuUADPQ7r+IakP5BQ==",
      "dev": true
    },
    "iterable-contains": {
      "version": "0.1.5",
      "resolved": "https://registry.npmjs.org/iterable-contains/-/iterable-contains-0.1.5.tgz",
      "integrity": "sha512-gV088J7KOf9G/dkwxItMCaAc0kQ0a4tXSBMgLxyUmtbvrQ2aKHYvO6yuPjv+mto54CtTJQPFdPqq3Kk0G84UuQ==",
      "dev": true
    },
    "iterable-endswith": {
      "version": "0.1.3",
      "resolved": "https://registry.npmjs.org/iterable-endswith/-/iterable-endswith-0.1.3.tgz",
      "integrity": "sha512-G4ExrE1EeKnJhPMkkdcd/TvzMMOmB/jVUpZODjfSfjU7mBIjMhT9WJa5lTJ8FUwUAV40IH+d+gg+5GlNmBOprQ==",
      "dev": true
    },
    "iterable-entries": {
      "version": "0.1.5",
      "resolved": "https://registry.npmjs.org/iterable-entries/-/iterable-entries-0.1.5.tgz",
      "integrity": "sha512-XI+UMKSbrd6pXM76x1hEgYDDydnRkgXf5o68vBk9U6JJEFuTaQHoV+NZYl9AmlpFRsV6cGt+DPRkFt6kwkaUgQ==",
      "dev": true
    },
    "iterable-equal": {
      "version": "0.1.4",
      "resolved": "https://registry.npmjs.org/iterable-equal/-/iterable-equal-0.1.4.tgz",
      "integrity": "sha512-hrF9Tq3EGHtIE4sc9J2+2B20RuE6haVUbaAtXRZu/ZDvQ+PN+Bluzeh4ZUgJ75WA+vUfw+AutmcjFdaU45hEpg==",
      "dev": true
    },
    "iterable-euclideandistance": {
      "version": "0.1.5",
      "resolved": "https://registry.npmjs.org/iterable-euclideandistance/-/iterable-euclideandistance-0.1.5.tgz",
      "integrity": "sha512-2h/k6gNZNXHP0ylPp7DOFH0k10cL4joBbOcNBWl8FQ86BG3UHsMJsDVOq9Ep1rBCcGU+ONqjDnwkZsv/D3b/vQ==",
      "dev": true
    },
    "iterable-everyof": {
      "version": "0.1.3",
      "resolved": "https://registry.npmjs.org/iterable-everyof/-/iterable-everyof-0.1.3.tgz",
      "integrity": "sha512-/m8wBe5vDV2YwHU9/tg8/Knmj6RSSaJzu8xOSGCyLoHw5mIOg09uBqPD1GHb6NpICQC4b3Hc77mMn7ihF74GlA==",
      "dev": true
    },
    "iterable-filter": {
      "version": "0.1.11",
      "resolved": "https://registry.npmjs.org/iterable-filter/-/iterable-filter-0.1.11.tgz",
      "integrity": "sha512-HgkktACVyhyvPFQbwU303l44GZg468X+U+/aPrZTeWBq1YIzFQR7zolDJgyKtTVyTYw/tJ30U7mht/b7cPmg4w==",
      "dev": true
    },
    "iterable-find": {
      "version": "0.1.10",
      "resolved": "https://registry.npmjs.org/iterable-find/-/iterable-find-0.1.10.tgz",
      "integrity": "sha512-gKtIz/8n9kArc7tQT6bEp+9KCOGwACx/oXggtNusC51bsUGVyqagcgZQMPaKHzsoZFhm2T6TfGhuYJ/rhqG3bg==",
      "dev": true
    },
    "iterable-findall": {
      "version": "0.1.7",
      "resolved": "https://registry.npmjs.org/iterable-findall/-/iterable-findall-0.1.7.tgz",
      "integrity": "sha512-pOdG/KQ6p+kup9D+Lwz4SIUMxoJUBIxgOyLzqcGkMU08F/BrtjBYXT1OdaNUh4wp7TQfn/bYRHg1MJfFt8hlgg==",
      "dev": true
    },
    "iterable-findallindices": {
      "version": "0.1.7",
      "resolved": "https://registry.npmjs.org/iterable-findallindices/-/iterable-findallindices-0.1.7.tgz",
      "integrity": "sha512-oBYnMzSkt45i0BjuL2qHm5V+mUfqRrhiURM6dUxANsVfj0R3Pj9S0LMMYtbs1iE4GTwfVViM7cdnFUAneuX0+Q==",
      "dev": true
    },
    "iterable-findindex": {
      "version": "0.1.10",
      "resolved": "https://registry.npmjs.org/iterable-findindex/-/iterable-findindex-0.1.10.tgz",
      "integrity": "sha512-PAv3mDB/mxjc78YjCASDE+cthjVncp3p4L0FIgY33oafFu86Kn/9m24Kb60/HGKjhUEpzaukhXOkqaz8VGni5A==",
      "dev": true
    },
    "iterable-first": {
      "version": "0.1.6",
      "resolved": "https://registry.npmjs.org/iterable-first/-/iterable-first-0.1.6.tgz",
      "integrity": "sha512-D5v4s7vgu9HGfNX5Wh4BmsUNPtE5fbJbT72RE9jnV9BvHz1AQVbdgNHIR05RtoJdiv64JFGoa3QtdQ+oqO0DeA==",
      "dev": true
    },
    "iterable-flatten": {
      "version": "0.1.5",
      "resolved": "https://registry.npmjs.org/iterable-flatten/-/iterable-flatten-0.1.5.tgz",
      "integrity": "sha512-u2eZb53N8+jyPVdcEmz7Z5+/yhu0KzTf7MqgK9T/UwmYhhu402qYfvhqh6sGKGQlBImEUGLwdx3tU75+1NI6Eg==",
      "dev": true,
      "requires": {
        "iterable-is": "0.1.5"
      }
    },
    "iterable-foreach": {
      "version": "0.1.11",
      "resolved": "https://registry.npmjs.org/iterable-foreach/-/iterable-foreach-0.1.11.tgz",
      "integrity": "sha512-5JrItr8P7CZvNROii//Y6hXzzCa9HrkhOTP0DMu5QNd0vLLhHyHzDTOL1Yb58OMZVA8lZHpN32RflTS4xFeciA==",
      "dev": true
    },
    "iterable-from": {
      "version": "0.1.2",
      "resolved": "https://registry.npmjs.org/iterable-from/-/iterable-from-0.1.2.tgz",
      "integrity": "sha512-DwGq/BSJVxHph/IBGuRMbLtaHsaag3OXYB3JFocU/JioJb6SkhtJy1nwrhoxYAw1CwQwTQtBIcD2oNNug0jKoQ==",
      "dev": true
    },
    "iterable-hammingdistance": {
      "version": "0.1.6",
      "resolved": "https://registry.npmjs.org/iterable-hammingdistance/-/iterable-hammingdistance-0.1.6.tgz",
      "integrity": "sha512-i/T32/J3VwVXidk9fyMjuJm91h07vMB7QqMNoShM9nmGOR7bcCMTcrVl6Ri6VnYJnTjYUG8CP0K0HW8SYb8wog==",
      "dev": true
    },
    "iterable-includes": {
      "version": "0.1.5",
      "resolved": "https://registry.npmjs.org/iterable-includes/-/iterable-includes-0.1.5.tgz",
      "integrity": "sha512-L8rJ39f8Y9bL2k/4L5oVNdD+11z9MJH/9Ohpm7bOh/MsTP/vh13uT59NX3PIrELERWqo9NcxnCVLEyL+r8A2Bg==",
      "dev": true
    },
    "iterable-indexof": {
      "version": "0.1.10",
      "resolved": "https://registry.npmjs.org/iterable-indexof/-/iterable-indexof-0.1.10.tgz",
      "integrity": "sha512-64eHHcWlHV/sF2JB6aZwd5ULXOk6xpQWi0Villmb7c+rSuEyeSGZnoodD58iQ0R/WTJjjv/gH2PwcX8dQtOLwQ==",
      "dev": true
    },
    "iterable-indicesof": {
      "version": "0.1.6",
      "resolved": "https://registry.npmjs.org/iterable-indicesof/-/iterable-indicesof-0.1.6.tgz",
      "integrity": "sha512-xmuddWLHV+MElm88AgtJOGUdlgVk2ojc7AL8oeMH+OymCEBcD5vC0KqyqxeD02OF0ccVH5PCXHl1nsUVNEPdXA==",
      "dev": true
    },
    "iterable-is": {
      "version": "0.1.5",
      "resolved": "https://registry.npmjs.org/iterable-is/-/iterable-is-0.1.5.tgz",
      "integrity": "sha512-djFy7DXyOYYpWucGcNn47wp4AzgjlFKTdb2MQg78qo7GPBvjVb2mSVv322qDYOSWNNnxY9Xcc3wJ/KKSmuhJLA==",
      "dev": true
    },
    "iterable-iscollection": {
      "version": "0.1.2",
      "resolved": "https://registry.npmjs.org/iterable-iscollection/-/iterable-iscollection-0.1.2.tgz",
      "integrity": "sha512-PV3fCTYjPtkN8VVdVorxEjAKjSUJd0DlELMDqHhrVFd7fTJuJMwPWP3QwHMnkAa8j9mMulMwSFkfHHzMSugnSQ==",
      "dev": true,
      "requires": {
        "iterable-is": "0.1.5"
      }
    },
    "iterable-join": {
      "version": "0.1.6",
      "resolved": "https://registry.npmjs.org/iterable-join/-/iterable-join-0.1.6.tgz",
      "integrity": "sha512-xASzXASpCFutlrt49/8W4oD3+0YjHHb0QhNCn6sjbvMVpV+IC5ZaYfOMkYbVsXXvtXoq8ubXnO7uUTEM2hrUbw==",
      "dev": true
    },
    "iterable-keys": {
      "version": "0.1.4",
      "resolved": "https://registry.npmjs.org/iterable-keys/-/iterable-keys-0.1.4.tgz",
      "integrity": "sha512-Xhj++bj/9pT6f+/B8cOSvUd6eQcGnX/RHBGv776hbziBjC3pvtFMVLdPN7ZtLGFw4Psy0GUZsi4NzCm66AGJ+w==",
      "dev": true
    },
    "iterable-last": {
      "version": "0.1.7",
      "resolved": "https://registry.npmjs.org/iterable-last/-/iterable-last-0.1.7.tgz",
      "integrity": "sha512-ccBAtLIXj0QzF4Ozs7P4PQAJ3x02ofEkLZUIlEjn9eQVSzlLBi2Jk48HXZiNCS8IfGLDvdBFXstrk+MYKTzG7A==",
      "dev": true
    },
    "iterable-lastindexof": {
      "version": "0.1.6",
      "resolved": "https://registry.npmjs.org/iterable-lastindexof/-/iterable-lastindexof-0.1.6.tgz",
      "integrity": "sha512-zf5iz6uLFjoh7LxmDSzkVkbcPREp+m3VMksF3JAQVmK6RfcU4wxMBNRBU31ANXmVMaB01hjFVfqvrrV8drN/lA==",
      "dev": true
    },
    "iterable-mapreplace": {
      "version": "0.1.4",
      "resolved": "https://registry.npmjs.org/iterable-mapreplace/-/iterable-mapreplace-0.1.4.tgz",
      "integrity": "sha512-O6tvxdf6iWk7eu2cxPedhdoWUPj7lN1o7j6vqDhD39uz9uN6YhuR5dTxYjixNFZqXD9F/UFBtIb7Ro61DRZ1Aw==",
      "dev": true
    },
    "iterable-mapto": {
      "version": "0.1.2",
      "resolved": "https://registry.npmjs.org/iterable-mapto/-/iterable-mapto-0.1.2.tgz",
      "integrity": "sha512-8IEXyyMMB5F//aXYviotGzsbdX+VGLj7z+7PRwyH9kMRPSbyym++A61Y/6j+n7VCM1Tj/9T34VeFayY0Z15xTg==",
      "dev": true
    },
    "iterable-max": {
      "version": "0.1.5",
      "resolved": "https://registry.npmjs.org/iterable-max/-/iterable-max-0.1.5.tgz",
      "integrity": "sha512-WPifiZ1FijMKBYnFKrmLWLlFSJNfCnUfL/t/XZt1eJkyFe51WajkbzcBzydZwBPbwDhzZnWCf5o2MSEo2fuH4g==",
      "dev": true
    },
    "iterable-middle": {
      "version": "0.1.4",
      "resolved": "https://registry.npmjs.org/iterable-middle/-/iterable-middle-0.1.4.tgz",
      "integrity": "sha512-p4clQ0wW0ht8a2SfcxKM/wmH9897AVnpLYnrMs5hA3oYrr94n2DXN69t9m1qafo379D0r4LocxKqmODWcBDMGg==",
      "dev": true,
      "requires": {
        "iterable-first": "0.1.6",
        "iterable-last": "0.1.7"
      }
    },
    "iterable-min": {
      "version": "0.1.5",
      "resolved": "https://registry.npmjs.org/iterable-min/-/iterable-min-0.1.5.tgz",
      "integrity": "sha512-eG0nLnnAUPi3SX6skjUbUAGuy2U7ZeB8KuzqEAhEd4NA32QB8cCOtvBoYgaNAHBrOsh6qdmHDWwlEyk/N3QZXw==",
      "dev": true
    },
    "iterable-objectreplace": {
      "version": "0.1.5",
      "resolved": "https://registry.npmjs.org/iterable-objectreplace/-/iterable-objectreplace-0.1.5.tgz",
      "integrity": "sha512-w0Gr91h0QjN0485iv1tb4HvbJ+9D0OhCa5U2SHUNYQWanaM0rHl/Fox0pfdJ0iTm9LffIH2RdQ5D6+vSY1SWcA==",
      "dev": true
    },
    "iterable-pick": {
      "version": "0.1.7",
      "resolved": "https://registry.npmjs.org/iterable-pick/-/iterable-pick-0.1.7.tgz",
      "integrity": "sha512-vqK6kCRNcloPnL/ZTN91zV7IPwTNfwcSC9H/6WeYLRkoF++FHjI3WmbIbZbOrWEzGmT8atGFSBfHvthBxwFvaA==",
      "dev": true
    },
    "iterable-pickas": {
      "version": "0.1.2",
      "resolved": "https://registry.npmjs.org/iterable-pickas/-/iterable-pickas-0.1.2.tgz",
      "integrity": "sha512-ovb/MFWaTcTkYozNWq3GNFepctvN7oKVuYxnFJ6iFQd0R/OQ/Eb8BxoRvru6kBIcQTuOug+jIStCAaO8W+oG1Q==",
      "dev": true,
      "requires": {
        "iterable-pick": "0.1.7",
        "iterable-slice": "0.1.12"
      }
    },
    "iterable-reduce": {
      "version": "0.1.7",
      "resolved": "https://registry.npmjs.org/iterable-reduce/-/iterable-reduce-0.1.7.tgz",
      "integrity": "sha512-HxTctxFjFRWs5Oe8lt28JCzaCRDDtTJxy5XCEJJ9ofA9FSGBYGpeIDR+JdTf8x+iP5EEZVkgvrc3M1bVqG1CKA==",
      "dev": true
    },
    "iterable-repeat": {
      "version": "0.1.5",
      "resolved": "https://registry.npmjs.org/iterable-repeat/-/iterable-repeat-0.1.5.tgz",
      "integrity": "sha512-Zc20IC1OtKnCHr5hyCmK0z1otc4d72Aj3j+1hOUipN/zL0nWrWpx7ZhG8RMqPCKSLQBRB+ybDEBMIejdKd2aJw==",
      "dev": true,
      "requires": {
        "array-sliceto": "0.1.6",
        "iterable-slice": "0.1.12"
      }
    },
    "iterable-replaceto": {
      "version": "0.1.5",
      "resolved": "https://registry.npmjs.org/iterable-replaceto/-/iterable-replaceto-0.1.5.tgz",
      "integrity": "sha512-+4ZJycjTfyn7pmSQs6IM1xLu6ppKv87cdKP6tURjCo2hhTuM8WRAyIh4r4H9X7lneKpqf+ifqmIG/B4wM52HCQ==",
      "dev": true
    },
    "iterable-reverse": {
      "version": "0.1.10",
      "resolved": "https://registry.npmjs.org/iterable-reverse/-/iterable-reverse-0.1.10.tgz",
      "integrity": "sha512-p+AK4lF6+bSg8WCshSElK0lrStae2ZDwn5nfYj9m7h4jLfEUWrivEFyKzY4KkymntfVOJDXAxf4RpqyJ79vjwA==",
      "dev": true,
      "requires": {
        "array-reverseof": "0.1.2"
      }
    },
    "iterable-size": {
      "version": "0.1.4",
      "resolved": "https://registry.npmjs.org/iterable-size/-/iterable-size-0.1.4.tgz",
      "integrity": "sha512-jZy9Av30oslfpnYuVunUXI4a6CIBJlyCll1yxQegtj50zW9zqlk+ikKyZeXiK4oE4IYeee2Ye7ZTIXogBfZ+ig==",
      "dev": true
    },
    "iterable-slice": {
      "version": "0.1.12",
      "resolved": "https://registry.npmjs.org/iterable-slice/-/iterable-slice-0.1.12.tgz",
      "integrity": "sha512-jwivt7cyt3evRDpP/9SUmMT2+wyZsB+qMCrRxRUolV6fmbBAgxKhrrB5br/7VkbYcoE89e3koodxaRub0e6u/w==",
      "dev": true
    },
    "iterable-someof": {
      "version": "0.1.2",
      "resolved": "https://registry.npmjs.org/iterable-someof/-/iterable-someof-0.1.2.tgz",
      "integrity": "sha512-VDsgdfBo/riv5Borug4yX0/U89iCh5PaoIlI1iYie/t3zJAPdGJ2/UVRb5aCOXlewkMFPKI2pPgmnQZd5kPTbw==",
      "dev": true
    },
    "iterable-split": {
      "version": "0.1.7",
      "resolved": "https://registry.npmjs.org/iterable-split/-/iterable-split-0.1.7.tgz",
      "integrity": "sha512-PZ8kYGv4RXqsokjYkrXLmB6VT1igOKJ3WqWgj0SXk5fSw/dT5SHbBSthys9mzWejrYH6I2Uc0mJFZjUN0HalcQ==",
      "dev": true
    },
    "iterable-startswith": {
      "version": "0.1.3",
      "resolved": "https://registry.npmjs.org/iterable-startswith/-/iterable-startswith-0.1.3.tgz",
      "integrity": "sha512-xHfCv80YyecrxKxkd301ZC7zjO7HwLLnzaoO2ht8lv3NTcqtBAY0T+08BidkLE7gHqIsrAEr2yBIvXOaF6sMEg==",
      "dev": true
    },
    "iterable-sum": {
      "version": "0.1.5",
      "resolved": "https://registry.npmjs.org/iterable-sum/-/iterable-sum-0.1.5.tgz",
      "integrity": "sha512-+KR6IUQMlyJcdXmjD2NVdX9UhB+Tj+8wuNzlTUd3GF/3mJk4OO2MhGLq1VapbDhEu96oiQlYr29VPgYCRP1UPg==",
      "dev": true
    },
    "iterable-without": {
      "version": "0.1.5",
      "resolved": "https://registry.npmjs.org/iterable-without/-/iterable-without-0.1.5.tgz",
      "integrity": "sha512-gO/Oc3Lz5Y7Fkig63yv4GPStGfvJK1ZF03f4H7mKdgAjFxJcGpWOTSbNea4ZRxO3rJuXc/n0p8eJUZ8RGYvp9g==",
      "dev": true
    },
    "iterable-zip": {
      "version": "0.2.8",
      "resolved": "https://registry.npmjs.org/iterable-zip/-/iterable-zip-0.2.8.tgz",
      "integrity": "sha512-M19F/5scX4ITWuCkpj8Mi08WgxbYnafE8WWgPZmPkJ2Xz2Sxzh8ixUCeKPsBBMao+7bN3hh2CvbRhVuV033N6g==",
      "dev": true
    }
  }
}
